
Microsoft Visual Studio Solution File, Format Version 12.00
# Visual Studio Version 16
VisualStudioVersion = 16.0.30204.135
MinimumVisualStudioVersion = 10.0.40219.1
Project("{FAE04EC0-301F-11D3-BF4B-00C04F79EFBC}") = "YourContacts", "YourContacts\YourContacts.csproj", "{EFDC6A27-4230-4715-B60E-920C253AD761}"
EndProject
Global
	GlobalSection(SolutionConfigurationPlatforms) = preSolution
		Debug|Any CPU = Debug|Any CPU
		Release|Any CPU = Release|Any CPU
	EndGlobalSection
	GlobalSection(ProjectConfigurationPlatforms) = postSolution
		{EFDC6A27-4230-4715-B60E-920C253AD761}.Debug|Any CPU.ActiveCfg = Debug|Any CPU
		{EFDC6A27-4230-4715-B60E-920C253AD761}.Debug|Any CPU.Build.0 = Debug|Any CPU
		{EFDC6A27-4230-4715-B60E-920C253AD761}.Release|Any CPU.ActiveCfg = Release|Any CPU
		{EFDC6A27-4230-4715-B60E-920C253AD761}.Release|Any CPU.Build.0 = Release|Any CPU
	EndGlobalSection
	GlobalSection(SolutionProperties) = preSolution
		HideSolutionNode = FALSE
	EndGlobalSection
	GlobalSection(ExtensibilityGlobals) = postSolution
		SolutionGuid = {7EAC16C3-CF71-4FA2-A359-9BF8093ECDCC}
	EndGlobalSection
EndGlobal
